
Microsoft Visual Studio Solution File, Format Version 12.00
# Visual Studio Version 16
VisualStudioVersion = 16.0.31320.298
MinimumVisualStudioVersion = 10.0.40219.1
Project("{FAE04EC0-301F-11D3-BF4B-00C04F79EFBC}") = "CSM", "src\CSM.csproj", "{63933537-DA87-4026-A44C-382298FBB399}"
EndProject
Project("{9A19103F-16F7-4668-BE54-9A1E7A4F7556}") = "CSM.Server", "Server\src\CSM.Server\CSM.Server.csproj", "{2885126B-CB52-4DBB-A7A8-A0E99A5CBD00}"
EndProject
Project("{9A19103F-16F7-4668-BE54-9A1E7A4F7556}") = "CSM.Proto", "CSM.Proto\CSM.Proto.csproj", "{AEB40133-A9A2-463D-8189-83AF45CC76FB}"
EndProject
Global
	GlobalSection(SolutionConfigurationPlatforms) = preSolution
		Debug|Any CPU = Debug|Any CPU
		Release|Any CPU = Release|Any CPU
	EndGlobalSection
	GlobalSection(ProjectConfigurationPlatforms) = postSolution
		{63933537-DA87-4026-A44C-382298FBB399}.Debug|Any CPU.ActiveCfg = Debug|Any CPU
		{63933537-DA87-4026-A44C-382298FBB399}.Debug|Any CPU.Build.0 = Debug|Any CPU
		{63933537-DA87-4026-A44C-382298FBB399}.Release|Any CPU.ActiveCfg = Release|Any CPU
		{63933537-DA87-4026-A44C-382298FBB399}.Release|Any CPU.Build.0 = Release|Any CPU
		{2885126B-CB52-4DBB-A7A8-A0E99A5CBD00}.Debug|Any CPU.ActiveCfg = Debug|Any CPU
		{2885126B-CB52-4DBB-A7A8-A0E99A5CBD00}.Debug|Any CPU.Build.0 = Debug|Any CPU
		{2885126B-CB52-4DBB-A7A8-A0E99A5CBD00}.Release|Any CPU.ActiveCfg = Release|Any CPU
		{2885126B-CB52-4DBB-A7A8-A0E99A5CBD00}.Release|Any CPU.Build.0 = Release|Any CPU
		{AEB40133-A9A2-463D-8189-83AF45CC76FB}.Debug|Any CPU.ActiveCfg = Debug|Any CPU
		{AEB40133-A9A2-463D-8189-83AF45CC76FB}.Debug|Any CPU.Build.0 = Debug|Any CPU
		{AEB40133-A9A2-463D-8189-83AF45CC76FB}.Release|Any CPU.ActiveCfg = Release|Any CPU
		{AEB40133-A9A2-463D-8189-83AF45CC76FB}.Release|Any CPU.Build.0 = Release|Any CPU
	EndGlobalSection
	GlobalSection(SolutionProperties) = preSolution
		HideSolutionNode = FALSE
	EndGlobalSection
	GlobalSection(ExtensibilityGlobals) = postSolution
		SolutionGuid = {FBE6C34D-8CE5-4995-ACD5-606A2416DBE8}
	EndGlobalSection
EndGlobal
