
Microsoft Visual Studio Solution File, Format Version 12.00
# Visual Studio 15
VisualStudioVersion = 15.0.26730.12
MinimumVisualStudioVersion = 10.0.40219.1
Project("{FAE04EC0-301F-11D3-BF4B-00C04F79EFBC}") = "Tango", "Tango\Tango.csproj", "{63933537-DA87-4026-A44C-382298FBB399}"
EndProject
Project("{FAE04EC0-301F-11D3-BF4B-00C04F79EFBC}") = "Tango.GUITester", "Tango.GUITester\Tango.GUITester.csproj", "{6C6E7B15-3E2D-425D-98F6-CF8E54F2574F}"
EndProject
Global
	GlobalSection(SolutionConfigurationPlatforms) = preSolution
		Debug|Any CPU = Debug|Any CPU
		Release|Any CPU = Release|Any CPU
	EndGlobalSection
	GlobalSection(ProjectConfigurationPlatforms) = postSolution
		{63933537-DA87-4026-A44C-382298FBB399}.Debug|Any CPU.ActiveCfg = Debug|Any CPU
		{63933537-DA87-4026-A44C-382298FBB399}.Debug|Any CPU.Build.0 = Debug|Any CPU
		{63933537-DA87-4026-A44C-382298FBB399}.Release|Any CPU.ActiveCfg = Release|Any CPU
		{63933537-DA87-4026-A44C-382298FBB399}.Release|Any CPU.Build.0 = Release|Any CPU
		{6C6E7B15-3E2D-425D-98F6-CF8E54F2574F}.Debug|Any CPU.ActiveCfg = Debug|Any CPU
		{6C6E7B15-3E2D-425D-98F6-CF8E54F2574F}.Debug|Any CPU.Build.0 = Debug|Any CPU
		{6C6E7B15-3E2D-425D-98F6-CF8E54F2574F}.Release|Any CPU.ActiveCfg = Release|Any CPU
		{6C6E7B15-3E2D-425D-98F6-CF8E54F2574F}.Release|Any CPU.Build.0 = Release|Any CPU
	EndGlobalSection
	GlobalSection(SolutionProperties) = preSolution
		HideSolutionNode = FALSE
	EndGlobalSection
	GlobalSection(ExtensibilityGlobals) = postSolution
		SolutionGuid = {FBE6C34D-8CE5-4995-ACD5-606A2416DBE8}
	EndGlobalSection
EndGlobal
